github.com/DeRuina/timberjack v1.4.5 h1:F/kms5MPNAXUeWdOILt5ALC6iDHWNRPevaeIVH7tqYU=
github.com/DeRuina/timberjack v1.4.5/go.mod h1:RLoeQrwrCGIEF8gO5nV5b/gMD0QIy7bzQhBUgpp1EqE=
github.com/creack/pty v1.1.9/go.mod h1:oKZEueFk5CKHvIhNR5MUki03XCEU+Q6VDXinZuGJ33E=
github.com/davecgh/go-spew v1.1.0/go.mod h1:J7Y8YcW2NihsgmVo/mv3lAwl/skON4iLHjSsI+c5H38=
github.com/davecgh/go-spew v1.1.1 h1:vj9j/u1bqnvCEfJOwUhtlOARqs3+rkHYY13jYWTU97c=
github.com/davecgh/go-spew v1.1.1/go.mod h1:J7Y8YcW2NihsgmVo/mv3lAwl/skON4iLHjSsI+c5H38=
github.com/fatih/color v1.13.0/go.mod h1:kLAiJbzzSOZDVNGyDpeOxJ47H46qBXwg5ILebYFFOfk=
github.com/fatih/color v1.16.0 h1:zmkK9Ngbjj+K0yRhTVONQh1p/HknKYSlNT+vZCzyokM=
github.com/fatih/color v1.16.0/go.mod h1:fL2Sau1YI5c0pdGEVCbKQbLXB6edEj1ZgiY4NijnWvE=
github.com/fortytw2/leaktest v1.3.0 h1:u8491cBMTQ8ft8aeV+adlcytMZylmA5nnwwkRZjI8vw=
github.com/go-faker/faker/v4 v4.7.0 h1:VboC02cXHl/NuQh5lM2W8b87yp4iFXIu59x4w0RZi4E=
github.com/go-faker/faker/v4 v4.7.0/go.mod h1:u1dIRP5neLB6kTzgyVjdBOV5R1uP7BdxkcWk7tiKQXk=
github.com/go-logr/logr v1.2.2/go.mod h1:jdQByPbusPIv2/zmleS9BjJVeZ6kBagPoEUsqbVz/1A=
github.com/go-logr/logr v1.4.3 h1:CjnDlHq8ikf6E492q6eKboGOC0T8CDaOvkHCIg8idEI=
github.com/go-logr/logr v1.4.3/go.mod h1:9T104GzyrTigFIr8wt5mBrctHMim0Nb2HLGrmQ40KvY=
github.com/go-logr/stdr v1.2.2 h1:hSWxHoqTgW2S2qGc0LTAI563KZ5YKYRhT3MFKZMbjag=
github.com/go-logr/stdr v1.2.2/go.mod h1:mMo/vtBO5dYbehREoey6XUKy/eSumjCCveDpRre4VKE=
github.com/google/go-cmp v0.7.0 h1:wk8382ETsv4JYUZwIsn6YpYiWiBsYLSJiTsyBybVuN8=
github.com/hashicorp/go-hclog v1.6.3 h1:Qr2kF+eVWjTiYmU7Y31tYlP1h0q/X3Nl3tPGdaB11/k=
github.com/hashicorp/go-hclog v1.6.3/go.mod h1:W4Qnvbt70Wk/zYJryRzDRU/4r0kIg0PVHBcfoyhpF5M=
github.com/klauspost/compress v1.17.11 h1:In6xLpyWOi1+C7tXUUWv2ot1QvBjxevKAaI6IXrJmUc=
github.com/klauspost/compress v1.17.11/go.mod h1:pMDklpSncoRMuLFrf1W9Ss9KT+0rH90U12bZKk7uwG0=
github.com/kr/pretty v0.2.1/go.mod h1:ipq/a2n7PKx3OHsz4KJII5eveXtPO4qwEXGdVfWzfnI=
github.com/kr/pretty v0.3.1 h1:flRD4NNwYAUpkphVc1HcthR4KEIFJ65n8Mw5qdRn3LE=
github.com/kr/pretty v0.3.1/go.mod h1:hoEshYVHaxMs3cyo3Yncou5ZscifuDolrwPKZanG3xk=
github.com/kr/pty v1.1.1/go.mod h1:pFQYn66WHrOpPYNljwOMqo10TkYh1fy3cYio2l3bCsQ=
github.com/kr/text v0.1.0/go.mod h1:4Jbv+DJW3UT/LiOwJeYQe1efqtUx/iVham/4vfdArNI=
github.com/kr/text v0.2.0 h1:5Nx0Ya0ZqY2ygV366QzturHI13Jq95ApcVaJBhpS+AY=
github.com/kr/text v0.2.0/go.mod h1:eLer722TekiGuMkidMxC/pM04lWEeraHUUmBw8l2grE=
github.com/mattn/go-colorable v0.1.9/go.mod h1:u6P/XSegPjTcexA+o6vUJrdnUu04hMope9wVRipJSqc=
github.com/mattn/go-colorable v0.1.12/go.mod h1:u5H1YNBxpqRaxsYJYSkiCWKzEfiAb1Gb520KVy5xxl4=
github.com/mattn/go-colorable v0.1.14 h1:9A9LHSqF/7dyVVX6g0U9cwm9pG3kP9gSzcuIPHPsaIE=
github.com/mattn/go-colorable v0.1.14/go.mod h1:6LmQG8QLFO4G5z1gPvYEzlUgJ2wF+stgPZH1UqBm1s8=
github.com/mattn/go-isatty v0.0.12/go.mod h1:cbi8OIDigv2wuxKPP5vlRcQ1OAZbq2CE4Kysco4FUpU=
github.com/mattn/go-isatty v0.0.14/go.mod h1:7GGIvUiUoEMVVmxf/4nioHXj79iQHKdU27kJ6hsGG94=
github.com/mattn/go-isatty v0.0.20 h1:xfD0iDuEKnDkl03q4limB+vH+GxLEtL/jb4xVJSWWEY=
github.com/mattn/go-isatty v0.0.20/go.mod h1:W+V8PltTTMOvKvAeJH7IuucS94S2C6jfK/D7dTCTo3Y=
github.com/pkg/diff v0.0.0-20210226163009-20ebb0f2a09e/go.mod h1:pJLUxLENpZxwdsKMEsNbx1VGcRFpLqf3715MtcvvzbA=
github.com/pmezard/go-difflib v1.0.0 h1:4DBwDE0NGyQoBHbLQYPwSUPoCMWR5BEzIk/f1lZbAQM=
github.com/pmezard/go-difflib v1.0.0/go.mod h1:iKH77koFhYxTK1pcRnkKkqfTogsbg7gZNVY4sRDYZ/4=
github.com/rifflock/lfshook v0.0.0-20180920164130-b9218ef580f5 h1:mZHayPoR0lNmnHyvtYjDeq0zlVHn9K/ZXoy17ylucdo=
github.com/rifflock/lfshook v0.0.0-20180920164130-b9218ef580f5/go.mod h1:GEXHk5HgEKCvEIIrSpFI3ozzG5xOKA2DVlEX/gGnewM=
github.com/rogpeppe/go-internal v1.9.0/go.mod h1:WtVeX8xhTBvf0smdhujwtBcq4Qrzq/fJaraNFVN+nFs=
github.com/rogpeppe/go-internal v1.14.1 h1:UQB4HGPB6osV0SQTLymcB4TgvyWu6ZyliaW0tI/otEQ=
github.com/rogpeppe/go-internal v1.14.1/go.mod h1:MaRKkUm5W0goXpeCfT7UZI6fk/L7L7so1lCWt35ZSgc=
github.com/rs/zerolog v1.35.1 h1:m7xQeoiLIiV0BCEY4Hs+j2NG4Gp2o2KPKmhnnLiazKI=
github.com/rs/zerolog v1.35.1/go.mod h1:EjML9kdfa/RMA7h/6z6pYmq1ykOuA8/mjWaEvGI+jcw=
github.com/sirupsen/logrus v1.9.4 h1:TsZE7l11zFCLZnZ+teH4Umoq5BhEIfIzfRDZ1Uzql2w=
github.com/sirupsen/logrus v1.9.4/go.mod h1:ftWc9WdOfJ0a92nsE2jF5u5ZwH8Bv2zdeOC42RjbV2g=
github.com/stretchr/objx v0.1.0/go.mod h1:HFkY916IF+rwdDfMAkV7OtwuqBVzrE8GR6GFx+wExME=
github.com/stretchr/testify v1.7.2/go.mod h1:R6va5+xMeoiuVRoj+gSkQ7d3FALtqAAGI1FQKckRals=
github.com/stretchr/testify v1.11.1 h1:7s2iGBzp5EwR7/aIZr8ao5+dra3wiQyKjjFuvgVKu7U=
github.com/stretchr/testify v1.11.1/go.mod h1:wZwfW3scLgRK+23gO65QZefKpKQRnfz6sD981Nm4B6U=
go.uber.org/atomic v1.11.0 h1:ZvwS0R+56ePWxUNi+Atn9dWONBPp/AUETXlHW0DxSjE=
go.uber.org/atomic v1.11.0/go.mod h1:LUxbIzbOniOlMKjJjyPfpl4v+PKK2cNJn91OQbhoJI0=
go.uber.org/goleak v1.3.0 h1:2K3zAYmnTNqV73imy9J1T3WC+gmCePx2hEGkimedGto=
go.uber.org/goleak v1.3.0/go.mod h1:CoHD4mav9JJNrW/WLlf7HGZPjdw8EucARQHekz1X6bE=
go.uber.org/mock v0.6.0 h1:hyF9dfmbgIX5EfOdasqLsWD6xqpNZlXblLB/Dbnwv3Y=
go.uber.org/mock v0.6.0/go.mod h1:KiVJ4BqZJaMj4svdfmHM0AUx4NJYO8ZNpPnZn1Z+BBU=
go.uber.org/multierr v1.10.0 h1:S0h4aNzvfcFsC3dRF1jLoaov7oRaKqRGC/pUEJ2yvPQ=
go.uber.org/multierr v1.10.0/go.mod h1:20+QtiLqy0Nd6FdQB9TLXag12DsQkrbs3htMFfDN80Y=
go.uber.org/zap v1.28.0 h1:IZzaP1Fv73/T/pBMLk4VutPl36uNC+OSUh3JLG3FIjo=
go.uber.org/zap v1.28.0/go.mod h1:rDLpOi171uODNm/mxFcuYWxDsqWSAVkFdX4XojSKg/Q=
go.yaml.in/yaml/v3 v3.0.4 h1:tfq32ie2Jv2UxXFdLJdh3jXuOzWiL1fo0bu/FbuKpbc=
golang.org/x/mod v0.36.0 h1:JJjpVx6myfUsUdAzZuOSTTmRE0PfZeNWzzvKrP7amb4=
golang.org/x/sync v0.20.0 h1:e0PTpb7pjO8GAtTs2dQ6jYa5BWYlMuX047Dco/pItO4=
golang.org/x/sync v0.20.0/go.mod h1:9xrNwdLfx4jkKbNva9FpL6vEN7evnE43NNNJQ2LF3+0=
golang.org/x/sys v0.0.0-20200116001909-b77594299b42/go.mod h1:h1NjWce9XRLGQEsW7wpKNCjG9DtNlClVuFLEZdDNbEs=
golang.org/x/sys v0.0.0-20200223170610-d5e6a3e2c0ae/go.mod h1:h1NjWce9XRLGQEsW7wpKNCjG9DtNlClVuFLEZdDNbEs=
golang.org/x/sys v0.0.0-20210630005230-0f9fa26af87c/go.mod h1:oPkhp1MJrh7nUepCBck5+mAzfO9JrbApNNgaTdGDITg=
golang.org/x/sys v0.0.0-20210927094055-39ccf1dd6fa6/go.mod h1:oPkhp1MJrh7nUepCBck5+mAzfO9JrbApNNgaTdGDITg=
golang.org/x/sys v0.0.0-20220503163025-988cb79eb6c6/go.mod h1:oPkhp1MJrh7nUepCBck5+mAzfO9JrbApNNgaTdGDITg=
golang.org/x/sys v0.6.0/go.mod h1:oPkhp1MJrh7nUepCBck5+mAzfO9JrbApNNgaTdGDITg=
golang.org/x/sys v0.45.0 h1:dO4czNzziLiiXplLQgBCEpCvXQ3dnkn0SdaZSYdQ+FY=
golang.org/x/sys v0.45.0/go.mod h1:4GL1E5IUh+htKOUEOaiffhrAeqysfVGipDYzABqnCmw=
golang.org/x/text v0.37.0 h1:Cqjiwd9eSg8e0QAkyCaQTNHFIIzWtidPahFWR83rTrc=
golang.org/x/text v0.37.0/go.mod h1:a5sjxXGs9hsn/AJVwuElvCAo9v8QYLzvavO5z2PiM38=
golang.org/x/tools v0.45.0 h1:18qN3FAooORvApf5XjCXgsuayZOEtXf6JK18I3+ONa8=
gopkg.in/check.v1 v0.0.0-20161208181325-20d25e280405/go.mod h1:Co6ibVJAznAaIkqp8huTwlJQCZ016jof/cbN4VW5Yz0=
gopkg.in/check.v1 v1.0.0-20201130134442-10cb98267c6c h1:Hei/4ADfdWqJk1ZMxUNpqntNwaWcugrBjAiHlqqRiVk=
gopkg.in/check.v1 v1.0.0-20201130134442-10cb98267c6c/go.mod h1:JHkPIbrfpd72SG/EVd6muEfDQjcINNoR0C8j2r3qZ4Q=
gopkg.in/yaml.v3 v3.0.1 h1:fxVm/GzAzEWqLHuvctI91KS9hhNmmWOoWu0XTYJS7CA=
gopkg.in/yaml.v3 v3.0.1/go.mod h1:K4uyk7z7BCEPqu6E+C64Yfv1cQ7kz7rIZviUmN+EgEM=
